
Microsoft Visual Studio Solution File, Format Version 12.00
# Visual Studio Express 14 for Windows Desktop
VisualStudioVersion = 14.0.25420.1
MinimumVisualStudioVersion = 10.0.40219.1
Project("{FAE04EC0-301F-11D3-BF4B-00C04F79EFBC}") = "MP3 Player", "MP3 Player\MP3 Player.csproj", "{307D4766-6889-4C6E-AFDA-5140ACE60F01}"
EndProject
Global
	GlobalSection(SolutionConfigurationPlatforms) = preSolution
		Debug|Any CPU = Debug|Any CPU
		Release|Any CPU = Release|Any CPU
	EndGlobalSection
	GlobalSection(ProjectConfigurationPlatforms) = postSolution
		{307D4766-6889-4C6E-AFDA-5140ACE60F01}.Debug|Any CPU.ActiveCfg = Debug|Any CPU
		{307D4766-6889-4C6E-AFDA-5140ACE60F01}.Debug|Any CPU.Build.0 = Debug|Any CPU
		{307D4766-6889-4C6E-AFDA-5140ACE60F01}.Release|Any CPU.ActiveCfg = Release|Any CPU
		{307D4766-6889-4C6E-AFDA-5140ACE60F01}.Release|Any CPU.Build.0 = Release|Any CPU
	EndGlobalSection
	GlobalSection(SolutionProperties) = preSolution
		HideSolutionNode = FALSE
	EndGlobalSection
EndGlobal
